
Microsoft Visual Studio Solution File, Format Version 12.00
# Visual Studio Version 16
VisualStudioVersion = 16.0.29306.81
MinimumVisualStudioVersion = 10.0.40219.1
Project("{FAE04EC0-301F-11D3-BF4B-00C04F79EFBC}") = "FMG Configurator (csharp)", "FMG Configurator (csharp).csproj", "{E63C5649-BC3E-48E5-AE9C-9A0ADA4E4EEB}"
EndProject
Project("{54435603-DBB4-11D2-8724-00A0C9A8B90C}") = "FMG Configurator", "..\FMG Configurator\FMG Configurator.vdproj", "{86F5FCD5-8D2A-4164-BD10-EDD3A4899487}"
EndProject
Global
	GlobalSection(SolutionConfigurationPlatforms) = preSolution
		d|Any CPU = d|Any CPU
		d|x64 = d|x64
		Debug|Any CPU = Debug|Any CPU
		Debug|x64 = Debug|x64
		Release|Any CPU = Release|Any CPU
		Release|x64 = Release|x64
	EndGlobalSection
	GlobalSection(ProjectConfigurationPlatforms) = postSolution
		{E63C5649-BC3E-48E5-AE9C-9A0ADA4E4EEB}.d|Any CPU.ActiveCfg = Debug|Any CPU
		{E63C5649-BC3E-48E5-AE9C-9A0ADA4E4EEB}.d|Any CPU.Build.0 = Debug|Any CPU
		{E63C5649-BC3E-48E5-AE9C-9A0ADA4E4EEB}.d|x64.ActiveCfg = Debug|Any CPU
		{E63C5649-BC3E-48E5-AE9C-9A0ADA4E4EEB}.d|x64.Build.0 = Debug|Any CPU
		{E63C5649-BC3E-48E5-AE9C-9A0ADA4E4EEB}.Debug|Any CPU.ActiveCfg = Debug|Any CPU
		{E63C5649-BC3E-48E5-AE9C-9A0ADA4E4EEB}.Debug|Any CPU.Build.0 = Debug|Any CPU
		{E63C5649-BC3E-48E5-AE9C-9A0ADA4E4EEB}.Debug|x64.ActiveCfg = Debug|x64
		{E63C5649-BC3E-48E5-AE9C-9A0ADA4E4EEB}.Debug|x64.Build.0 = Debug|x64
		{E63C5649-BC3E-48E5-AE9C-9A0ADA4E4EEB}.Release|Any CPU.ActiveCfg = Release|Any CPU
		{E63C5649-BC3E-48E5-AE9C-9A0ADA4E4EEB}.Release|Any CPU.Build.0 = Release|Any CPU
		{E63C5649-BC3E-48E5-AE9C-9A0ADA4E4EEB}.Release|x64.ActiveCfg = Release|x64
		{E63C5649-BC3E-48E5-AE9C-9A0ADA4E4EEB}.Release|x64.Build.0 = Release|x64
		{86F5FCD5-8D2A-4164-BD10-EDD3A4899487}.d|Any CPU.ActiveCfg = d
		{86F5FCD5-8D2A-4164-BD10-EDD3A4899487}.d|Any CPU.Build.0 = d
		{86F5FCD5-8D2A-4164-BD10-EDD3A4899487}.d|x64.ActiveCfg = Debug
		{86F5FCD5-8D2A-4164-BD10-EDD3A4899487}.d|x64.Build.0 = Debug
		{86F5FCD5-8D2A-4164-BD10-EDD3A4899487}.Debug|Any CPU.ActiveCfg = Debug
		{86F5FCD5-8D2A-4164-BD10-EDD3A4899487}.Debug|x64.ActiveCfg = Debug
		{86F5FCD5-8D2A-4164-BD10-EDD3A4899487}.Debug|x64.Build.0 = Debug
		{86F5FCD5-8D2A-4164-BD10-EDD3A4899487}.Release|Any CPU.ActiveCfg = Release
		{86F5FCD5-8D2A-4164-BD10-EDD3A4899487}.Release|x64.ActiveCfg = Release
	EndGlobalSection
	GlobalSection(SolutionProperties) = preSolution
		HideSolutionNode = FALSE
	EndGlobalSection
	GlobalSection(ExtensibilityGlobals) = postSolution
		SolutionGuid = {00BAD034-FDAF-4B0B-BC86-E221E872E8EF}
	EndGlobalSection
EndGlobal
